
Microsoft Visual Studio Solution File, Format Version 12.00
# Visual Studio 2012
Project("{FAE04EC0-301F-11D3-BF4B-00C04F79EFBC}") = "tea_shop", "tea_shop\tea_shop.csproj", "{C1BF2A1C-2C1F-42D1-A1FE-FFA224BABE49}"
EndProject
Global
	GlobalSection(SolutionConfigurationPlatforms) = preSolution
		Debug|Any CPU = Debug|Any CPU
		Release|Any CPU = Release|Any CPU
	EndGlobalSection
	GlobalSection(ProjectConfigurationPlatforms) = postSolution
		{C1BF2A1C-2C1F-42D1-A1FE-FFA224BABE49}.Debug|Any CPU.ActiveCfg = Debug|Any CPU
		{C1BF2A1C-2C1F-42D1-A1FE-FFA224BABE49}.Debug|Any CPU.Build.0 = Debug|Any CPU
		{C1BF2A1C-2C1F-42D1-A1FE-FFA224BABE49}.Release|Any CPU.ActiveCfg = Release|Any CPU
		{C1BF2A1C-2C1F-42D1-A1FE-FFA224BABE49}.Release|Any CPU.Build.0 = Release|Any CPU
	EndGlobalSection
	GlobalSection(SolutionProperties) = preSolution
		HideSolutionNode = FALSE
	EndGlobalSection
EndGlobal
